
Microsoft Visual Studio Solution File, Format Version 12.00
# Visual Studio Version 16
VisualStudioVersion = 16.0.31424.327
MinimumVisualStudioVersion = 10.0.40219.1
Project("{FAE04EC0-301F-11D3-BF4B-00C04F79EFBC}") = "RestaurantManager2021.Web", "RestaurantManager2021.Web\RestaurantManager2021.Web.csproj", "{4E7F147A-50E1-4DCD-B36C-2A6F8B271C4C}"
EndProject
Project("{FAE04EC0-301F-11D3-BF4B-00C04F79EFBC}") = "RestaurantManager2021.Data", "RestaurantManager2021.Data\RestaurantManager2021.Data.csproj", "{CA298A34-DC39-443E-9927-94B9BBC2E29C}"
EndProject
Global
	GlobalSection(SolutionConfigurationPlatforms) = preSolution
		Debug|Any CPU = Debug|Any CPU
		Release|Any CPU = Release|Any CPU
	EndGlobalSection
	GlobalSection(ProjectConfigurationPlatforms) = postSolution
		{4E7F147A-50E1-4DCD-B36C-2A6F8B271C4C}.Debug|Any CPU.ActiveCfg = Debug|Any CPU
		{4E7F147A-50E1-4DCD-B36C-2A6F8B271C4C}.Debug|Any CPU.Build.0 = Debug|Any CPU
		{4E7F147A-50E1-4DCD-B36C-2A6F8B271C4C}.Release|Any CPU.ActiveCfg = Release|Any CPU
		{4E7F147A-50E1-4DCD-B36C-2A6F8B271C4C}.Release|Any CPU.Build.0 = Release|Any CPU
		{CA298A34-DC39-443E-9927-94B9BBC2E29C}.Debug|Any CPU.ActiveCfg = Debug|Any CPU
		{CA298A34-DC39-443E-9927-94B9BBC2E29C}.Debug|Any CPU.Build.0 = Debug|Any CPU
		{CA298A34-DC39-443E-9927-94B9BBC2E29C}.Release|Any CPU.ActiveCfg = Release|Any CPU
		{CA298A34-DC39-443E-9927-94B9BBC2E29C}.Release|Any CPU.Build.0 = Release|Any CPU
	EndGlobalSection
	GlobalSection(SolutionProperties) = preSolution
		HideSolutionNode = FALSE
	EndGlobalSection
	GlobalSection(ExtensibilityGlobals) = postSolution
		SolutionGuid = {CD7AA205-607D-4890-A84A-EB6ED1902DBB}
	EndGlobalSection
EndGlobal
